// !$*UTF8*$!
{
	archiveVersion = 1;
	classes = {
	};
	objectVersion = 56;
	objects = {

/* Begin PBXBuildFile section */
		B90320B72AFBB013004C7486 /* HabitResponse.swift in Sources */ = {isa = PBXBuildFile; fileRef = B90320B62AFBB013004C7486 /* HabitResponse.swift */; };
		B90320BA2AFBB2C5004C7486 /* HabitRemoteDataSource.swift in Sources */ = {isa = PBXBuildFile; fileRef = B90320B92AFBB2C5004C7486 /* HabitRemoteDataSource.swift */; };
		B90320BC2AFBB6E0004C7486 /* HabitInteractor.swift in Sources */ = {isa = PBXBuildFile; fileRef = B90320BB2AFBB6E0004C7486 /* HabitInteractor.swift */; };
		B9052EF22AE93C9D008BC5A1 /* SignUpInteractor.swift in Sources */ = {isa = PBXBuildFile; fileRef = B9052EF12AE93C9D008BC5A1 /* SignUpInteractor.swift */; };
		B9052EF42AE93E5B008BC5A1 /* SignUpRemoteDataSource.swift in Sources */ = {isa = PBXBuildFile; fileRef = B9052EF32AE93E5B008BC5A1 /* SignUpRemoteDataSource.swift */; };
		B9163EEF2AE69F59008B4EEE /* SignInInteractor.swift in Sources */ = {isa = PBXBuildFile; fileRef = B9163EEE2AE69F59008B4EEE /* SignInInteractor.swift */; };
		B9163EF12AE6A4B9008B4EEE /* SignInRemoteDataSource.swift in Sources */ = {isa = PBXBuildFile; fileRef = B9163EF02AE6A4B9008B4EEE /* SignInRemoteDataSource.swift */; };
		B92492FF2AEA968700F2729F /* UserAuth.swift in Sources */ = {isa = PBXBuildFile; fileRef = B92492FE2AEA968700F2729F /* UserAuth.swift */; };
		B92493012AEA974800F2729F /* LocalDataSource.swift in Sources */ = {isa = PBXBuildFile; fileRef = B92493002AEA974800F2729F /* LocalDataSource.swift */; };
		B939173D2AE1606A00A82FE5 /* SignInRequest.swift in Sources */ = {isa = PBXBuildFile; fileRef = B939173C2AE1606A00A82FE5 /* SignInRequest.swift */; };
		B939173F2AE161C800A82FE5 /* SignInResponse.swift in Sources */ = {isa = PBXBuildFile; fileRef = B939173E2AE161C800A82FE5 /* SignInResponse.swift */; };
		B9483F842AEBE550004B2EF4 /* SplashInteractor.swift in Sources */ = {isa = PBXBuildFile; fileRef = B9483F832AEBE550004B2EF4 /* SplashInteractor.swift */; };
		B94E71492B0E2F3600199B66 /* ProfileView.swift in Sources */ = {isa = PBXBuildFile; fileRef = B94E71482B0E2F3600199B66 /* ProfileView.swift */; };
		B94E714B2B0E35C400199B66 /* GenderSelectionView.swift in Sources */ = {isa = PBXBuildFile; fileRef = B94E714A2B0E35C400199B66 /* GenderSelectionView.swift */; };
		B94E714D2B0E41D000199B66 /* ProfileViewModel.swift in Sources */ = {isa = PBXBuildFile; fileRef = B94E714C2B0E41D000199B66 /* ProfileViewModel.swift */; };
		B98D46712B14C77D0042CEB0 /* ProfileResponse.swift in Sources */ = {isa = PBXBuildFile; fileRef = B98D46702B14C77D0042CEB0 /* ProfileResponse.swift */; };
		B98D46742B14C8260042CEB0 /* ProfileRemoteDataSource.swift in Sources */ = {isa = PBXBuildFile; fileRef = B98D46732B14C8260042CEB0 /* ProfileRemoteDataSource.swift */; };
		B98D46762B14CA650042CEB0 /* ProfileInteractor.swift in Sources */ = {isa = PBXBuildFile; fileRef = B98D46752B14CA650042CEB0 /* ProfileInteractor.swift */; };
		B98D46782B14CB410042CEB0 /* ProfileUIState.swift in Sources */ = {isa = PBXBuildFile; fileRef = B98D46772B14CB410042CEB0 /* ProfileUIState.swift */; };
		B98F42892B025C8400FFF7E9 /* HabitDetailUIState.swift in Sources */ = {isa = PBXBuildFile; fileRef = B98F42882B025C8400FFF7E9 /* HabitDetailUIState.swift */; };
		B98F428B2B025D2000FFF7E9 /* HabitDetailViewModel.swift in Sources */ = {isa = PBXBuildFile; fileRef = B98F428A2B025D2000FFF7E9 /* HabitDetailViewModel.swift */; };
		B98F428D2B025EA100FFF7E9 /* HabitDetailView.swift in Sources */ = {isa = PBXBuildFile; fileRef = B98F428C2B025EA100FFF7E9 /* HabitDetailView.swift */; };
		B9984F132AEFDD5A003B8E84 /* RefreshRequest.swift in Sources */ = {isa = PBXBuildFile; fileRef = B9984F122AEFDD5A003B8E84 /* RefreshRequest.swift */; };
		B9984F152AEFE2A2003B8E84 /* SplashRemoteDataSource.swift in Sources */ = {isa = PBXBuildFile; fileRef = B9984F142AEFE2A2003B8E84 /* SplashRemoteDataSource.swift */; };
		B9AB87112B039C030041C33C /* HabitCardViewRouter.swift in Sources */ = {isa = PBXBuildFile; fileRef = B9AB87102B039C030041C33C /* HabitCardViewRouter.swift */; };
		B9AB87132B03A4640041C33C /* HabitValueRequest.swift in Sources */ = {isa = PBXBuildFile; fileRef = B9AB87122B03A4640041C33C /* HabitValueRequest.swift */; };
		B9AB87162B03A4E10041C33C /* HabitDetailRemoteDataSource.swift in Sources */ = {isa = PBXBuildFile; fileRef = B9AB87152B03A4E10041C33C /* HabitDetailRemoteDataSource.swift */; };
		B9AB87182B03A8C70041C33C /* HabitDetailInteractor.swift in Sources */ = {isa = PBXBuildFile; fileRef = B9AB87172B03A8C70041C33C /* HabitDetailInteractor.swift */; };
		B9BABE4E2AE006410037B952 /* ErrorResponse.swift in Sources */ = {isa = PBXBuildFile; fileRef = B9BABE4D2AE006410037B952 /* ErrorResponse.swift */; };
		B9BD05DA2AF130D000C916D0 /* HomeViewRouter.swift in Sources */ = {isa = PBXBuildFile; fileRef = B9BD05D92AF130D000C916D0 /* HomeViewRouter.swift */; };
		B9BD05E02AF131B700C916D0 /* HabitView.swift in Sources */ = {isa = PBXBuildFile; fileRef = B9BD05DF2AF131B700C916D0 /* HabitView.swift */; };
		B9BD05E22AF131EB00C916D0 /* HabitViewModel.swift in Sources */ = {isa = PBXBuildFile; fileRef = B9BD05E12AF131EB00C916D0 /* HabitViewModel.swift */; };
		B9BD05E42AF133BE00C916D0 /* HabitIUState.swift in Sources */ = {isa = PBXBuildFile; fileRef = B9BD05E32AF133BE00C916D0 /* HabitIUState.swift */; };
		B9C745BB2AE2A55B008B86BE /* SignInErrorResponse.swift in Sources */ = {isa = PBXBuildFile; fileRef = B9C745BA2AE2A55B008B86BE /* SignInErrorResponse.swift */; };
		B9D56F0C2AF277CE00A38E1A /* ButtonStyle.swift in Sources */ = {isa = PBXBuildFile; fileRef = B9D56F0B2AF277CE00A38E1A /* ButtonStyle.swift */; };
		B9D56F0E2AF27A9300A38E1A /* HabitCardViewModel.swift in Sources */ = {isa = PBXBuildFile; fileRef = B9D56F0D2AF27A9300A38E1A /* HabitCardViewModel.swift */; };
		B9D56F102AF27C0F00A38E1A /* HabitCardView.swift in Sources */ = {isa = PBXBuildFile; fileRef = B9D56F0F2AF27C0F00A38E1A /* HabitCardView.swift */; };
		B9EB09492AE7EEDF009B6F66 /* AppError.swift in Sources */ = {isa = PBXBuildFile; fileRef = B9EB09482AE7EEDF009B6F66 /* AppError.swift */; };
		BC0255062AC3156C00709B00 /* Gender.swift in Sources */ = {isa = PBXBuildFile; fileRef = BC0255052AC3156C00709B00 /* Gender.swift */; };
		BC3FEB382AC24F410097AA35 /* SignInUIState.swift in Sources */ = {isa = PBXBuildFile; fileRef = BC3FEB372AC24F410097AA35 /* SignInUIState.swift */; };
		BC3FEB3A2AC25A3F0097AA35 /* SignInViewRouter.swift in Sources */ = {isa = PBXBuildFile; fileRef = BC3FEB392AC25A3F0097AA35 /* SignInViewRouter.swift */; };
		BC3FEB402AC25B4C0097AA35 /* HomeView.swift in Sources */ = {isa = PBXBuildFile; fileRef = BC3FEB3F2AC25B4C0097AA35 /* HomeView.swift */; };
		BC3FEB422AC25BBE0097AA35 /* HomeViewModel.swift in Sources */ = {isa = PBXBuildFile; fileRef = BC3FEB412AC25BBE0097AA35 /* HomeViewModel.swift */; };
		BC6020672AD5D6920093A693 /* WebService.swift in Sources */ = {isa = PBXBuildFile; fileRef = BC6020662AD5D6920093A693 /* WebService.swift */; };
		BC620DB62AC7985E00C11623 /* EditTextView.swift in Sources */ = {isa = PBXBuildFile; fileRef = BC620DB52AC7985E00C11623 /* EditTextView.swift */; };
		BC620DB92AC79C4500C11623 /* CustomTextFieldStyle.swift in Sources */ = {isa = PBXBuildFile; fileRef = BC620DB82AC79C4500C11623 /* CustomTextFieldStyle.swift */; };
		BC6734EA2AB746200076461A /* SplashUIState.swift in Sources */ = {isa = PBXBuildFile; fileRef = BC6734E92AB746200076461A /* SplashUIState.swift */; };
		BC8F29A52ABB1BED006088B2 /* SplashViewModel.swift in Sources */ = {isa = PBXBuildFile; fileRef = BC8F29A42ABB1BED006088B2 /* SplashViewModel.swift */; };
		BCA745C12ABBCBCA0083A5F3 /* SignInView.swift in Sources */ = {isa = PBXBuildFile; fileRef = BCA745C02ABBCBCA0083A5F3 /* SignInView.swift */; };
		BCA745C32ABBCC110083A5F3 /* SignInViewModel.swift in Sources */ = {isa = PBXBuildFile; fileRef = BCA745C22ABBCC110083A5F3 /* SignInViewModel.swift */; };
		BCA745C52ABBCFE50083A5F3 /* SplashViewRouter.swift in Sources */ = {isa = PBXBuildFile; fileRef = BCA745C42ABBCFE50083A5F3 /* SplashViewRouter.swift */; };
		BCA745CB2ABBD59A0083A5F3 /* SignUpView.swift in Sources */ = {isa = PBXBuildFile; fileRef = BCA745CA2ABBD59A0083A5F3 /* SignUpView.swift */; };
		BCA745CD2ABBD5F90083A5F3 /* SignUpViewModel.swift in Sources */ = {isa = PBXBuildFile; fileRef = BCA745CC2ABBD5F90083A5F3 /* SignUpViewModel.swift */; };
		BCBDF7222AB63A8F00394C2F /* HabitApp.swift in Sources */ = {isa = PBXBuildFile; fileRef = BCBDF7212AB63A8F00394C2F /* HabitApp.swift */; };
		BCBDF7262AB63A9100394C2F /* Assets.xcassets in Resources */ = {isa = PBXBuildFile; fileRef = BCBDF7252AB63A9100394C2F /* Assets.xcassets */; };
		BCBDF7292AB63A9100394C2F /* Preview Assets.xcassets in Resources */ = {isa = PBXBuildFile; fileRef = BCBDF7282AB63A9100394C2F /* Preview Assets.xcassets */; };
		BCBDF7332AB63DD800394C2F /* SplashView.swift in Sources */ = {isa = PBXBuildFile; fileRef = BCBDF7322AB63DD800394C2F /* SplashView.swift */; };
		BCC137C72AD62FA900421F02 /* SignUpRequest.swift in Sources */ = {isa = PBXBuildFile; fileRef = BCC137C62AD62FA900421F02 /* SignUpRequest.swift */; };
		BCC8E6552AC4E01700AE7059 /* SignUpUIState.swift in Sources */ = {isa = PBXBuildFile; fileRef = BCC8E6542AC4E01700AE7059 /* SignUpUIState.swift */; };
		BCC8E6572AC4E36500AE7059 /* SignUpViewRouter.swift in Sources */ = {isa = PBXBuildFile; fileRef = BCC8E6562AC4E36500AE7059 /* SignUpViewRouter.swift */; };
		BCE75CC92AC9D13500CE6BFF /* String+Extension.swift in Sources */ = {isa = PBXBuildFile; fileRef = BCE75CC82AC9D13500CE6BFF /* String+Extension.swift */; };
		BCE75CCB2AC9D2A800CE6BFF /* LoadingButtonView.swift in Sources */ = {isa = PBXBuildFile; fileRef = BCE75CCA2AC9D2A800CE6BFF /* LoadingButtonView.swift */; };
/* End PBXBuildFile section */

/* Begin PBXFileReference section */
		B90320B62AFBB013004C7486 /* HabitResponse.swift */ = {isa = PBXFileReference; lastKnownFileType = sourcecode.swift; path = HabitResponse.swift; sourceTree = "<group>"; };
		B90320B92AFBB2C5004C7486 /* HabitRemoteDataSource.swift */ = {isa = PBXFileReference; lastKnownFileType = sourcecode.swift; path = HabitRemoteDataSource.swift; sourceTree = "<group>"; };
		B90320BB2AFBB6E0004C7486 /* HabitInteractor.swift */ = {isa = PBXFileReference; lastKnownFileType = sourcecode.swift; path = HabitInteractor.swift; sourceTree = "<group>"; };
		B9052EF12AE93C9D008BC5A1 /* SignUpInteractor.swift */ = {isa = PBXFileReference; lastKnownFileType = sourcecode.swift; path = SignUpInteractor.swift; sourceTree = "<group>"; };
		B9052EF32AE93E5B008BC5A1 /* SignUpRemoteDataSource.swift */ = {isa = PBXFileReference; lastKnownFileType = sourcecode.swift; path = SignUpRemoteDataSource.swift; sourceTree = "<group>"; };
		B9163EEE2AE69F59008B4EEE /* SignInInteractor.swift */ = {isa = PBXFileReference; lastKnownFileType = sourcecode.swift; path = SignInInteractor.swift; sourceTree = "<group>"; };
		B9163EF02AE6A4B9008B4EEE /* SignInRemoteDataSource.swift */ = {isa = PBXFileReference; lastKnownFileType = sourcecode.swift; path = SignInRemoteDataSource.swift; sourceTree = "<group>"; };
		B92492FE2AEA968700F2729F /* UserAuth.swift */ = {isa = PBXFileReference; lastKnownFileType = sourcecode.swift; path = UserAuth.swift; sourceTree = "<group>"; };
		B92493002AEA974800F2729F /* LocalDataSource.swift */ = {isa = PBXFileReference; lastKnownFileType = sourcecode.swift; path = LocalDataSource.swift; sourceTree = "<group>"; };
		B939173C2AE1606A00A82FE5 /* SignInRequest.swift */ = {isa = PBXFileReference; lastKnownFileType = sourcecode.swift; path = SignInRequest.swift; sourceTree = "<group>"; };
		B939173E2AE161C800A82FE5 /* SignInResponse.swift */ = {isa = PBXFileReference; lastKnownFileType = sourcecode.swift; path = SignInResponse.swift; sourceTree = "<group>"; };
		B9483F832AEBE550004B2EF4 /* SplashInteractor.swift */ = {isa = PBXFileReference; lastKnownFileType = sourcecode.swift; path = SplashInteractor.swift; sourceTree = "<group>"; };
		B94E71482B0E2F3600199B66 /* ProfileView.swift */ = {isa = PBXFileReference; lastKnownFileType = sourcecode.swift; path = ProfileView.swift; sourceTree = "<group>"; };
		B94E714A2B0E35C400199B66 /* GenderSelectionView.swift */ = {isa = PBXFileReference; lastKnownFileType = sourcecode.swift; path = GenderSelectionView.swift; sourceTree = "<group>"; };
		B94E714C2B0E41D000199B66 /* ProfileViewModel.swift */ = {isa = PBXFileReference; lastKnownFileType = sourcecode.swift; path = ProfileViewModel.swift; sourceTree = "<group>"; };
		B98D46702B14C77D0042CEB0 /* ProfileResponse.swift */ = {isa = PBXFileReference; lastKnownFileType = sourcecode.swift; path = ProfileResponse.swift; sourceTree = "<group>"; };
		B98D46732B14C8260042CEB0 /* ProfileRemoteDataSource.swift */ = {isa = PBXFileReference; lastKnownFileType = sourcecode.swift; path = ProfileRemoteDataSource.swift; sourceTree = "<group>"; };
		B98D46752B14CA650042CEB0 /* ProfileInteractor.swift */ = {isa = PBXFileReference; lastKnownFileType = sourcecode.swift; path = ProfileInteractor.swift; sourceTree = "<group>"; };
		B98D46772B14CB410042CEB0 /* ProfileUIState.swift */ = {isa = PBXFileReference; lastKnownFileType = sourcecode.swift; path = ProfileUIState.swift; sourceTree = "<group>"; };
		B98F42882B025C8400FFF7E9 /* HabitDetailUIState.swift */ = {isa = PBXFileReference; lastKnownFileType = sourcecode.swift; path = HabitDetailUIState.swift; sourceTree = "<group>"; };
		B98F428A2B025D2000FFF7E9 /* HabitDetailViewModel.swift */ = {isa = PBXFileReference; lastKnownFileType = sourcecode.swift; path = HabitDetailViewModel.swift; sourceTree = "<group>"; };
		B98F428C2B025EA100FFF7E9 /* HabitDetailView.swift */ = {isa = PBXFileReference; lastKnownFileType = sourcecode.swift; path = HabitDetailView.swift; sourceTree = "<group>"; };
		B9984F122AEFDD5A003B8E84 /* RefreshRequest.swift */ = {isa = PBXFileReference; lastKnownFileType = sourcecode.swift; path = RefreshRequest.swift; sourceTree = "<group>"; };
		B9984F142AEFE2A2003B8E84 /* SplashRemoteDataSource.swift */ = {isa = PBXFileReference; lastKnownFileType = sourcecode.swift; path = SplashRemoteDataSource.swift; sourceTree = "<group>"; };
		B9AB87102B039C030041C33C /* HabitCardViewRouter.swift */ = {isa = PBXFileReference; lastKnownFileType = sourcecode.swift; path = HabitCardViewRouter.swift; sourceTree = "<group>"; };
		B9AB87122B03A4640041C33C /* HabitValueRequest.swift */ = {isa = PBXFileReference; lastKnownFileType = sourcecode.swift; path = HabitValueRequest.swift; sourceTree = "<group>"; };
		B9AB87152B03A4E10041C33C /* HabitDetailRemoteDataSource.swift */ = {isa = PBXFileReference; lastKnownFileType = sourcecode.swift; path = HabitDetailRemoteDataSource.swift; sourceTree = "<group>"; };
		B9AB87172B03A8C70041C33C /* HabitDetailInteractor.swift */ = {isa = PBXFileReference; lastKnownFileType = sourcecode.swift; path = HabitDetailInteractor.swift; sourceTree = "<group>"; };
		B9BABE4D2AE006410037B952 /* ErrorResponse.swift */ = {isa = PBXFileReference; lastKnownFileType = sourcecode.swift; path = ErrorResponse.swift; sourceTree = "<group>"; };
		B9BD05D92AF130D000C916D0 /* HomeViewRouter.swift */ = {isa = PBXFileReference; lastKnownFileType = sourcecode.swift; path = HomeViewRouter.swift; sourceTree = "<group>"; };
		B9BD05DF2AF131B700C916D0 /* HabitView.swift */ = {isa = PBXFileReference; lastKnownFileType = sourcecode.swift; path = HabitView.swift; sourceTree = "<group>"; };
		B9BD05E12AF131EB00C916D0 /* HabitViewModel.swift */ = {isa = PBXFileReference; lastKnownFileType = sourcecode.swift; path = HabitViewModel.swift; sourceTree = "<group>"; };
		B9BD05E32AF133BE00C916D0 /* HabitIUState.swift */ = {isa = PBXFileReference; lastKnownFileType = sourcecode.swift; path = HabitIUState.swift; sourceTree = "<group>"; };
		B9C745BA2AE2A55B008B86BE /* SignInErrorResponse.swift */ = {isa = PBXFileReference; lastKnownFileType = sourcecode.swift; path = SignInErrorResponse.swift; sourceTree = "<group>"; };
		B9D56F0B2AF277CE00A38E1A /* ButtonStyle.swift */ = {isa = PBXFileReference; lastKnownFileType = sourcecode.swift; path = ButtonStyle.swift; sourceTree = "<group>"; };
		B9D56F0D2AF27A9300A38E1A /* HabitCardViewModel.swift */ = {isa = PBXFileReference; lastKnownFileType = sourcecode.swift; path = HabitCardViewModel.swift; sourceTree = "<group>"; };
		B9D56F0F2AF27C0F00A38E1A /* HabitCardView.swift */ = {isa = PBXFileReference; lastKnownFileType = sourcecode.swift; path = HabitCardView.swift; sourceTree = "<group>"; };
		B9EB09482AE7EEDF009B6F66 /* AppError.swift */ = {isa = PBXFileReference; lastKnownFileType = sourcecode.swift; path = AppError.swift; sourceTree = "<group>"; };
		BC0255052AC3156C00709B00 /* Gender.swift */ = {isa = PBXFileReference; lastKnownFileType = sourcecode.swift; path = Gender.swift; sourceTree = "<group>"; };
		BC3FEB372AC24F410097AA35 /* SignInUIState.swift */ = {isa = PBXFileReference; lastKnownFileType = sourcecode.swift; path = SignInUIState.swift; sourceTree = "<group>"; };
		BC3FEB392AC25A3F0097AA35 /* SignInViewRouter.swift */ = {isa = PBXFileReference; lastKnownFileType = sourcecode.swift; path = SignInViewRouter.swift; sourceTree = "<group>"; };
		BC3FEB3F2AC25B4C0097AA35 /* HomeView.swift */ = {isa = PBXFileReference; lastKnownFileType = sourcecode.swift; path = HomeView.swift; sourceTree = "<group>"; };
		BC3FEB412AC25BBE0097AA35 /* HomeViewModel.swift */ = {isa = PBXFileReference; lastKnownFileType = sourcecode.swift; path = HomeViewModel.swift; sourceTree = "<group>"; };
		BC6020662AD5D6920093A693 /* WebService.swift */ = {isa = PBXFileReference; lastKnownFileType = sourcecode.swift; path = WebService.swift; sourceTree = "<group>"; };
		BC620DB52AC7985E00C11623 /* EditTextView.swift */ = {isa = PBXFileReference; lastKnownFileType = sourcecode.swift; path = EditTextView.swift; sourceTree = "<group>"; };
		BC620DB82AC79C4500C11623 /* CustomTextFieldStyle.swift */ = {isa = PBXFileReference; lastKnownFileType = sourcecode.swift; path = CustomTextFieldStyle.swift; sourceTree = "<group>"; };
		BC6734E92AB746200076461A /* SplashUIState.swift */ = {isa = PBXFileReference; lastKnownFileType = sourcecode.swift; path = SplashUIState.swift; sourceTree = "<group>"; };
		BC8F29A42ABB1BED006088B2 /* SplashViewModel.swift */ = {isa = PBXFileReference; lastKnownFileType = sourcecode.swift; path = SplashViewModel.swift; sourceTree = "<group>"; };
		BCA745C02ABBCBCA0083A5F3 /* SignInView.swift */ = {isa = PBXFileReference; lastKnownFileType = sourcecode.swift; path = SignInView.swift; sourceTree = "<group>"; };
		BCA745C22ABBCC110083A5F3 /* SignInViewModel.swift */ = {isa = PBXFileReference; lastKnownFileType = sourcecode.swift; path = SignInViewModel.swift; sourceTree = "<group>"; };
		BCA745C42ABBCFE50083A5F3 /* SplashViewRouter.swift */ = {isa = PBXFileReference; lastKnownFileType = sourcecode.swift; path = SplashViewRouter.swift; sourceTree = "<group>"; };
		BCA745CA2ABBD59A0083A5F3 /* SignUpView.swift */ = {isa = PBXFileReference; lastKnownFileType = sourcecode.swift; path = SignUpView.swift; sourceTree = "<group>"; };
		BCA745CC2ABBD5F90083A5F3 /* SignUpViewModel.swift */ = {isa = PBXFileReference; lastKnownFileType = sourcecode.swift; path = SignUpViewModel.swift; sourceTree = "<group>"; };
		BCBDF71E2AB63A8F00394C2F /* Habit.app */ = {isa = PBXFileReference; explicitFileType = wrapper.application; includeInIndex = 0; path = Habit.app; sourceTree = BUILT_PRODUCTS_DIR; };
		BCBDF7212AB63A8F00394C2F /* HabitApp.swift */ = {isa = PBXFileReference; lastKnownFileType = sourcecode.swift; path = HabitApp.swift; sourceTree = "<group>"; };
		BCBDF7252AB63A9100394C2F /* Assets.xcassets */ = {isa = PBXFileReference; lastKnownFileType = folder.assetcatalog; path = Assets.xcassets; sourceTree = "<group>"; };
		BCBDF7282AB63A9100394C2F /* Preview Assets.xcassets */ = {isa = PBXFileReference; lastKnownFileType = folder.assetcatalog; path = "Preview Assets.xcassets"; sourceTree = "<group>"; };
		BCBDF7322AB63DD800394C2F /* SplashView.swift */ = {isa = PBXFileReference; lastKnownFileType = sourcecode.swift; path = SplashView.swift; sourceTree = "<group>"; };
		BCC137C62AD62FA900421F02 /* SignUpRequest.swift */ = {isa = PBXFileReference; lastKnownFileType = sourcecode.swift; path = SignUpRequest.swift; sourceTree = "<group>"; };
		BCC8E6542AC4E01700AE7059 /* SignUpUIState.swift */ = {isa = PBXFileReference; lastKnownFileType = sourcecode.swift; path = SignUpUIState.swift; sourceTree = "<group>"; };
		BCC8E6562AC4E36500AE7059 /* SignUpViewRouter.swift */ = {isa = PBXFileReference; lastKnownFileType = sourcecode.swift; path = SignUpViewRouter.swift; sourceTree = "<group>"; };
		BCE75CC82AC9D13500CE6BFF /* String+Extension.swift */ = {isa = PBXFileReference; lastKnownFileType = sourcecode.swift; path = "String+Extension.swift"; sourceTree = "<group>"; };
		BCE75CCA2AC9D2A800CE6BFF /* LoadingButtonView.swift */ = {isa = PBXFileReference; lastKnownFileType = sourcecode.swift; path = LoadingButtonView.swift; sourceTree = "<group>"; };
/* End PBXFileReference section */

/* Begin PBXFrameworksBuildPhase section */
		BCBDF71B2AB63A8F00394C2F /* Frameworks */ = {
			isa = PBXFrameworksBuildPhase;
			buildActionMask = 2147483647;
			files = (
			);
			runOnlyForDeploymentPostprocessing = 0;
		};
/* End PBXFrameworksBuildPhase section */

/* Begin PBXGroup section */
		B90320B82AFBB272004C7486 /* Interactor */ = {
			isa = PBXGroup;
			children = (
				B90320B92AFBB2C5004C7486 /* HabitRemoteDataSource.swift */,
				B90320BB2AFBB6E0004C7486 /* HabitInteractor.swift */,
			);
			path = Interactor;
			sourceTree = "<group>";
		};
		B9052EF02AE93C7C008BC5A1 /* Interactor */ = {
			isa = PBXGroup;
			children = (
				B9052EF32AE93E5B008BC5A1 /* SignUpRemoteDataSource.swift */,
				B9052EF12AE93C9D008BC5A1 /* SignUpInteractor.swift */,
			);
			path = Interactor;
			sourceTree = "<group>";
		};
		B9163EED2AE69F0C008B4EEE /* Interactor */ = {
			isa = PBXGroup;
			children = (
				B9163EF02AE6A4B9008B4EEE /* SignInRemoteDataSource.swift */,
				B9163EEE2AE69F59008B4EEE /* SignInInteractor.swift */,
			);
			path = Interactor;
			sourceTree = "<group>";
		};
		B9483F822AEBE534004B2EF4 /* Interactor */ = {
			isa = PBXGroup;
			children = (
				B9483F832AEBE550004B2EF4 /* SplashInteractor.swift */,
				B9984F142AEFE2A2003B8E84 /* SplashRemoteDataSource.swift */,
			);
			path = Interactor;
			sourceTree = "<group>";
		};
		B94E71442B0E2EEC00199B66 /* Profile */ = {
			isa = PBXGroup;
			children = (
				B98D46722B14C80F0042CEB0 /* Interactor */,
				B94E71472B0E2F1400199B66 /* View */,
				B94E71462B0E2F0700199B66 /* ViewModel */,
				B94E71452B0E2EFE00199B66 /* Model */,
			);
			path = Profile;
			sourceTree = "<group>";
		};
		B94E71452B0E2EFE00199B66 /* Model */ = {
			isa = PBXGroup;
			children = (
				B98D46702B14C77D0042CEB0 /* ProfileResponse.swift */,
				B98D46772B14CB410042CEB0 /* ProfileUIState.swift */,
			);
			path = Model;
			sourceTree = "<group>";
		};
		B94E71462B0E2F0700199B66 /* ViewModel */ = {
			isa = PBXGroup;
			children = (
				B94E714C2B0E41D000199B66 /* ProfileViewModel.swift */,
			);
			path = ViewModel;
			sourceTree = "<group>";
		};
		B94E71472B0E2F1400199B66 /* View */ = {
			isa = PBXGroup;
			children = (
				B94E71482B0E2F3600199B66 /* ProfileView.swift */,
				B94E714A2B0E35C400199B66 /* GenderSelectionView.swift */,
			);
			path = View;
			sourceTree = "<group>";
		};
		B98D46722B14C80F0042CEB0 /* Interactor */ = {
			isa = PBXGroup;
			children = (
				B98D46732B14C8260042CEB0 /* ProfileRemoteDataSource.swift */,
				B98D46752B14CA650042CEB0 /* ProfileInteractor.swift */,
			);
			path = Interactor;
			sourceTree = "<group>";
		};
		B98F42842B025BEC00FFF7E9 /* HabitDetail */ = {
			isa = PBXGroup;
			children = (
				B9AB87142B03A4AA0041C33C /* Interactor */,
				B98F42872B025C2900FFF7E9 /* View */,
				B98F42862B025C1B00FFF7E9 /* ViewModel */,
				B98F42852B025C1000FFF7E9 /* Model */,
			);
			path = HabitDetail;
			sourceTree = "<group>";
		};
		B98F42852B025C1000FFF7E9 /* Model */ = {
			isa = PBXGroup;
			children = (
				B98F42882B025C8400FFF7E9 /* HabitDetailUIState.swift */,
				B9AB87122B03A4640041C33C /* HabitValueRequest.swift */,
			);
			path = Model;
			sourceTree = "<group>";
		};
		B98F42862B025C1B00FFF7E9 /* ViewModel */ = {
			isa = PBXGroup;
			children = (
				B98F428A2B025D2000FFF7E9 /* HabitDetailViewModel.swift */,
			);
			path = ViewModel;
			sourceTree = "<group>";
		};
		B98F42872B025C2900FFF7E9 /* View */ = {
			isa = PBXGroup;
			children = (
				B98F428C2B025EA100FFF7E9 /* HabitDetailView.swift */,
			);
			path = View;
			sourceTree = "<group>";
		};
		B9AB87142B03A4AA0041C33C /* Interactor */ = {
			isa = PBXGroup;
			children = (
				B9AB87152B03A4E10041C33C /* HabitDetailRemoteDataSource.swift */,
				B9AB87172B03A8C70041C33C /* HabitDetailInteractor.swift */,
			);
			path = Interactor;
			sourceTree = "<group>";
		};
		B9BD05DB2AF1317700C916D0 /* Habit */ = {
			isa = PBXGroup;
			children = (
				B90320B82AFBB272004C7486 /* Interactor */,
				B9BD05DE2AF1319B00C916D0 /* View */,
				B9BD05DD2AF1318F00C916D0 /* ViewModel */,
				B9BD05DC2AF1318200C916D0 /* Model */,
			);
			path = Habit;
			sourceTree = "<group>";
		};
		B9BD05DC2AF1318200C916D0 /* Model */ = {
			isa = PBXGroup;
			children = (
				B9BD05E32AF133BE00C916D0 /* HabitIUState.swift */,
				B90320B62AFBB013004C7486 /* HabitResponse.swift */,
			);
			path = Model;
			sourceTree = "<group>";
		};
		B9BD05DD2AF1318F00C916D0 /* ViewModel */ = {
			isa = PBXGroup;
			children = (
				B9BD05E12AF131EB00C916D0 /* HabitViewModel.swift */,
				B9D56F0D2AF27A9300A38E1A /* HabitCardViewModel.swift */,
				B9AB87102B039C030041C33C /* HabitCardViewRouter.swift */,
			);
			path = ViewModel;
			sourceTree = "<group>";
		};
		B9BD05DE2AF1319B00C916D0 /* View */ = {
			isa = PBXGroup;
			children = (
				B9BD05DF2AF131B700C916D0 /* HabitView.swift */,
				B9D56F0F2AF27C0F00A38E1A /* HabitCardView.swift */,
			);
			path = View;
			sourceTree = "<group>";
		};
		B9D56F0A2AF277A900A38E1A /* Modifier */ = {
			isa = PBXGroup;
			children = (
				B9D56F0B2AF277CE00A38E1A /* ButtonStyle.swift */,
			);
			path = Modifier;
			sourceTree = "<group>";
		};
		BC0255032AC314E700709B00 /* Common */ = {
			isa = PBXGroup;
			children = (
				BC6020652AD5D6200093A693 /* Network */,
				BCE75CC72AC9D11C00CE6BFF /* Lang */,
				BC620DB42AC7983900C11623 /* View */,
				BC0255042AC314F000709B00 /* Model */,
			);
			path = Common;
			sourceTree = "<group>";
		};
		BC0255042AC314F000709B00 /* Model */ = {
			isa = PBXGroup;
			children = (
				BC0255052AC3156C00709B00 /* Gender.swift */,
				B9BABE4D2AE006410037B952 /* ErrorResponse.swift */,
				B9EB09482AE7EEDF009B6F66 /* AppError.swift */,
				B92492FE2AEA968700F2729F /* UserAuth.swift */,
			);
			path = Model;
			sourceTree = "<group>";
		};
		BC3FEB3B2AC25AFE0097AA35 /* Home */ = {
			isa = PBXGroup;
			children = (
				BC3FEB3E2AC25B260097AA35 /* View */,
				BC3FEB3D2AC25B1C0097AA35 /* ViewModel */,
				BC3FEB3C2AC25B0A0097AA35 /* Model */,
			);
			path = Home;
			sourceTree = "<group>";
		};
		BC3FEB3C2AC25B0A0097AA35 /* Model */ = {
			isa = PBXGroup;
			children = (
			);
			path = Model;
			sourceTree = "<group>";
		};
		BC3FEB3D2AC25B1C0097AA35 /* ViewModel */ = {
			isa = PBXGroup;
			children = (
				BC3FEB412AC25BBE0097AA35 /* HomeViewModel.swift */,
				B9BD05D92AF130D000C916D0 /* HomeViewRouter.swift */,
			);
			path = ViewModel;
			sourceTree = "<group>";
		};
		BC3FEB3E2AC25B260097AA35 /* View */ = {
			isa = PBXGroup;
			children = (
				BC3FEB3F2AC25B4C0097AA35 /* HomeView.swift */,
			);
			path = View;
			sourceTree = "<group>";
		};
		BC6020652AD5D6200093A693 /* Network */ = {
			isa = PBXGroup;
			children = (
				BC6020662AD5D6920093A693 /* WebService.swift */,
				B92493002AEA974800F2729F /* LocalDataSource.swift */,
			);
			path = Network;
			sourceTree = "<group>";
		};
		BC620DB42AC7983900C11623 /* View */ = {
			isa = PBXGroup;
			children = (
				B9D56F0A2AF277A900A38E1A /* Modifier */,
				BC620DB72AC79C1E00C11623 /* Style */,
				BCE75CCA2AC9D2A800CE6BFF /* LoadingButtonView.swift */,
				BC620DB52AC7985E00C11623 /* EditTextView.swift */,
			);
			path = View;
			sourceTree = "<group>";
		};
		BC620DB72AC79C1E00C11623 /* Style */ = {
			isa = PBXGroup;
			children = (
				BC620DB82AC79C4500C11623 /* CustomTextFieldStyle.swift */,
			);
			path = Style;
			sourceTree = "<group>";
		};
		BC8F29A32ABB1B5B006088B2 /* ViewModel */ = {
			isa = PBXGroup;
			children = (
				BC8F29A42ABB1BED006088B2 /* SplashViewModel.swift */,
				BCA745C42ABBCFE50083A5F3 /* SplashViewRouter.swift */,
			);
			path = ViewModel;
			sourceTree = "<group>";
		};
		BCA745BB2ABBCAEE0083A5F3 /* SignIn */ = {
			isa = PBXGroup;
			children = (
				B9163EED2AE69F0C008B4EEE /* Interactor */,
				BCA745BC2ABBCB0B0083A5F3 /* View */,
				BCA745BF2ABBCB810083A5F3 /* ViewModel */,
				BCA745BE2ABBCB2C0083A5F3 /* Model */,
			);
			path = SignIn;
			sourceTree = "<group>";
		};
		BCA745BC2ABBCB0B0083A5F3 /* View */ = {
			isa = PBXGroup;
			children = (
				BCA745C02ABBCBCA0083A5F3 /* SignInView.swift */,
			);
			path = View;
			sourceTree = "<group>";
		};
		BCA745BE2ABBCB2C0083A5F3 /* Model */ = {
			isa = PBXGroup;
			children = (
				BC3FEB372AC24F410097AA35 /* SignInUIState.swift */,
				B939173C2AE1606A00A82FE5 /* SignInRequest.swift */,
				B939173E2AE161C800A82FE5 /* SignInResponse.swift */,
				B9C745BA2AE2A55B008B86BE /* SignInErrorResponse.swift */,
			);
			path = Model;
			sourceTree = "<group>";
		};
		BCA745BF2ABBCB810083A5F3 /* ViewModel */ = {
			isa = PBXGroup;
			children = (
				BCA745C22ABBCC110083A5F3 /* SignInViewModel.swift */,
				BC3FEB392AC25A3F0097AA35 /* SignInViewRouter.swift */,
			);
			path = ViewModel;
			sourceTree = "<group>";
		};
		BCA745C62ABBD53D0083A5F3 /* SignUp */ = {
			isa = PBXGroup;
			children = (
				B9052EF02AE93C7C008BC5A1 /* Interactor */,
				BCA745C92ABBD5610083A5F3 /* View */,
				BCA745C82ABBD5560083A5F3 /* ViewModel */,
				BCA745C72ABBD54B0083A5F3 /* Model */,
			);
			path = SignUp;
			sourceTree = "<group>";
		};
		BCA745C72ABBD54B0083A5F3 /* Model */ = {
			isa = PBXGroup;
			children = (
				BCC8E6542AC4E01700AE7059 /* SignUpUIState.swift */,
				BCC137C62AD62FA900421F02 /* SignUpRequest.swift */,
			);
			path = Model;
			sourceTree = "<group>";
		};
		BCA745C82ABBD5560083A5F3 /* ViewModel */ = {
			isa = PBXGroup;
			children = (
				BCA745CC2ABBD5F90083A5F3 /* SignUpViewModel.swift */,
				BCC8E6562AC4E36500AE7059 /* SignUpViewRouter.swift */,
			);
			path = ViewModel;
			sourceTree = "<group>";
		};
		BCA745C92ABBD5610083A5F3 /* View */ = {
			isa = PBXGroup;
			children = (
				BCA745CA2ABBD59A0083A5F3 /* SignUpView.swift */,
			);
			path = View;
			sourceTree = "<group>";
		};
		BCBDF7152AB63A8F00394C2F = {
			isa = PBXGroup;
			children = (
				BCBDF7202AB63A8F00394C2F /* Habit */,
				BCBDF71F2AB63A8F00394C2F /* Products */,
			);
			sourceTree = "<group>";
		};
		BCBDF71F2AB63A8F00394C2F /* Products */ = {
			isa = PBXGroup;
			children = (
				BCBDF71E2AB63A8F00394C2F /* Habit.app */,
			);
			name = Products;
			sourceTree = "<group>";
		};
		BCBDF7202AB63A8F00394C2F /* Habit */ = {
			isa = PBXGroup;
			children = (
				B94E71442B0E2EEC00199B66 /* Profile */,
				B98F42842B025BEC00FFF7E9 /* HabitDetail */,
				B9BD05DB2AF1317700C916D0 /* Habit */,
				BC0255032AC314E700709B00 /* Common */,
				BC3FEB3B2AC25AFE0097AA35 /* Home */,
				BCA745C62ABBD53D0083A5F3 /* SignUp */,
				BCA745BB2ABBCAEE0083A5F3 /* SignIn */,
				BCBDF72F2AB63D2400394C2F /* Splash */,
				BCBDF7212AB63A8F00394C2F /* HabitApp.swift */,
				BCBDF7252AB63A9100394C2F /* Assets.xcassets */,
				BCBDF7272AB63A9100394C2F /* Preview Content */,
			);
			path = Habit;
			sourceTree = "<group>";
		};
		BCBDF7272AB63A9100394C2F /* Preview Content */ = {
			isa = PBXGroup;
			children = (
				BCBDF7282AB63A9100394C2F /* Preview Assets.xcassets */,
			);
			path = "Preview Content";
			sourceTree = "<group>";
		};
		BCBDF72F2AB63D2400394C2F /* Splash */ = {
			isa = PBXGroup;
			children = (
				B9483F822AEBE534004B2EF4 /* Interactor */,
				BCBDF7302AB63D3E00394C2F /* View */,
				BC8F29A32ABB1B5B006088B2 /* ViewModel */,
				BCBDF7312AB63D5300394C2F /* Model */,
			);
			path = Splash;
			sourceTree = "<group>";
		};
		BCBDF7302AB63D3E00394C2F /* View */ = {
			isa = PBXGroup;
			children = (
				BCBDF7322AB63DD800394C2F /* SplashView.swift */,
			);
			path = View;
			sourceTree = "<group>";
		};
		BCBDF7312AB63D5300394C2F /* Model */ = {
			isa = PBXGroup;
			children = (
				BC6734E92AB746200076461A /* SplashUIState.swift */,
				B9984F122AEFDD5A003B8E84 /* RefreshRequest.swift */,
			);
			path = Model;
			sourceTree = "<group>";
		};
		BCE75CC72AC9D11C00CE6BFF /* Lang */ = {
			isa = PBXGroup;
			children = (
				BCE75CC82AC9D13500CE6BFF /* String+Extension.swift */,
			);
			path = Lang;
			sourceTree = "<group>";
		};
/* End PBXGroup section */

/* Begin PBXNativeTarget section */
		BCBDF71D2AB63A8F00394C2F /* Habit */ = {
			isa = PBXNativeTarget;
			buildConfigurationList = BCBDF72C2AB63A9100394C2F /* Build configuration list for PBXNativeTarget "Habit" */;
			buildPhases = (
				BCBDF71A2AB63A8F00394C2F /* Sources */,
				BCBDF71B2AB63A8F00394C2F /* Frameworks */,
				BCBDF71C2AB63A8F00394C2F /* Resources */,
			);
			buildRules = (
			);
			dependencies = (
			);
			name = Habit;
			productName = Habit;
			productReference = BCBDF71E2AB63A8F00394C2F /* Habit.app */;
			productType = "com.apple.product-type.application";
		};
/* End PBXNativeTarget section */

/* Begin PBXProject section */
		BCBDF7162AB63A8F00394C2F /* Project object */ = {
			isa = PBXProject;
			attributes = {
				BuildIndependentTargetsInParallel = 1;
				LastSwiftUpdateCheck = 1430;
				LastUpgradeCheck = 1430;
				TargetAttributes = {
					BCBDF71D2AB63A8F00394C2F = {
						CreatedOnToolsVersion = 14.3.1;
					};
				};
			};
			buildConfigurationList = BCBDF7192AB63A8F00394C2F /* Build configuration list for PBXProject "Habit" */;
			compatibilityVersion = "Xcode 14.0";
			developmentRegion = en;
			hasScannedForEncodings = 0;
			knownRegions = (
				en,
				Base,
			);
			mainGroup = BCBDF7152AB63A8F00394C2F;
			productRefGroup = BCBDF71F2AB63A8F00394C2F /* Products */;
			projectDirPath = "";
			projectRoot = "";
			targets = (
				BCBDF71D2AB63A8F00394C2F /* Habit */,
			);
		};
/* End PBXProject section */

/* Begin PBXResourcesBuildPhase section */
		BCBDF71C2AB63A8F00394C2F /* Resources */ = {
			isa = PBXResourcesBuildPhase;
			buildActionMask = 2147483647;
			files = (
				BCBDF7292AB63A9100394C2F /* Preview Assets.xcassets in Resources */,
				BCBDF7262AB63A9100394C2F /* Assets.xcassets in Resources */,
			);
			runOnlyForDeploymentPostprocessing = 0;
		};
/* End PBXResourcesBuildPhase section */

/* Begin PBXSourcesBuildPhase section */
		BCBDF71A2AB63A8F00394C2F /* Sources */ = {
			isa = PBXSourcesBuildPhase;
			buildActionMask = 2147483647;
			files = (
				B9D56F102AF27C0F00A38E1A /* HabitCardView.swift in Sources */,
				BC6734EA2AB746200076461A /* SplashUIState.swift in Sources */,
				B98D46742B14C8260042CEB0 /* ProfileRemoteDataSource.swift in Sources */,
				B9C745BB2AE2A55B008B86BE /* SignInErrorResponse.swift in Sources */,
				B9AB87132B03A4640041C33C /* HabitValueRequest.swift in Sources */,
				BC3FEB3A2AC25A3F0097AA35 /* SignInViewRouter.swift in Sources */,
				BCBDF7222AB63A8F00394C2F /* HabitApp.swift in Sources */,
				B94E714D2B0E41D000199B66 /* ProfileViewModel.swift in Sources */,
				B939173F2AE161C800A82FE5 /* SignInResponse.swift in Sources */,
				BCE75CCB2AC9D2A800CE6BFF /* LoadingButtonView.swift in Sources */,
				BCE75CC92AC9D13500CE6BFF /* String+Extension.swift in Sources */,
				BCC8E6572AC4E36500AE7059 /* SignUpViewRouter.swift in Sources */,
				B9163EF12AE6A4B9008B4EEE /* SignInRemoteDataSource.swift in Sources */,
				B9984F152AEFE2A2003B8E84 /* SplashRemoteDataSource.swift in Sources */,
				B9AB87112B039C030041C33C /* HabitCardViewRouter.swift in Sources */,
				B98D46712B14C77D0042CEB0 /* ProfileResponse.swift in Sources */,
				B9052EF42AE93E5B008BC5A1 /* SignUpRemoteDataSource.swift in Sources */,
				B9163EEF2AE69F59008B4EEE /* SignInInteractor.swift in Sources */,
				B9BD05E22AF131EB00C916D0 /* HabitViewModel.swift in Sources */,
				B98F428D2B025EA100FFF7E9 /* HabitDetailView.swift in Sources */,
				BCC8E6552AC4E01700AE7059 /* SignUpUIState.swift in Sources */,
				B939173D2AE1606A00A82FE5 /* SignInRequest.swift in Sources */,
				B9483F842AEBE550004B2EF4 /* SplashInteractor.swift in Sources */,
				B90320B72AFBB013004C7486 /* HabitResponse.swift in Sources */,
				BCA745C32ABBCC110083A5F3 /* SignInViewModel.swift in Sources */,
				BC3FEB382AC24F410097AA35 /* SignInUIState.swift in Sources */,
				BC6020672AD5D6920093A693 /* WebService.swift in Sources */,
				B90320BC2AFBB6E0004C7486 /* HabitInteractor.swift in Sources */,
				BCBDF7332AB63DD800394C2F /* SplashView.swift in Sources */,
				B94E714B2B0E35C400199B66 /* GenderSelectionView.swift in Sources */,
				B9BD05E42AF133BE00C916D0 /* HabitIUState.swift in Sources */,
				BC0255062AC3156C00709B00 /* Gender.swift in Sources */,
				B94E71492B0E2F3600199B66 /* ProfileView.swift in Sources */,
				BCA745CD2ABBD5F90083A5F3 /* SignUpViewModel.swift in Sources */,
				BCA745CB2ABBD59A0083A5F3 /* SignUpView.swift in Sources */,
				BC3FEB422AC25BBE0097AA35 /* HomeViewModel.swift in Sources */,
				B98F428B2B025D2000FFF7E9 /* HabitDetailViewModel.swift in Sources */,
				B9984F132AEFDD5A003B8E84 /* RefreshRequest.swift in Sources */,
				BC8F29A52ABB1BED006088B2 /* SplashViewModel.swift in Sources */,
				B98F42892B025C8400FFF7E9 /* HabitDetailUIState.swift in Sources */,
				BC3FEB402AC25B4C0097AA35 /* HomeView.swift in Sources */,
				B9BABE4E2AE006410037B952 /* ErrorResponse.swift in Sources */,
				B9BD05E02AF131B700C916D0 /* HabitView.swift in Sources */,
				B9AB87162B03A4E10041C33C /* HabitDetailRemoteDataSource.swift in Sources */,
				BC620DB92AC79C4500C11623 /* CustomTextFieldStyle.swift in Sources */,
				B9D56F0E2AF27A9300A38E1A /* HabitCardViewModel.swift in Sources */,
				B90320BA2AFBB2C5004C7486 /* HabitRemoteDataSource.swift in Sources */,
				B98D46782B14CB410042CEB0 /* ProfileUIState.swift in Sources */,
				BC620DB62AC7985E00C11623 /* EditTextView.swift in Sources */,
				B98D46762B14CA650042CEB0 /* ProfileInteractor.swift in Sources */,
				B92492FF2AEA968700F2729F /* UserAuth.swift in Sources */,
				BCC137C72AD62FA900421F02 /* SignUpRequest.swift in Sources */,
				B9BD05DA2AF130D000C916D0 /* HomeViewRouter.swift in Sources */,
				B9AB87182B03A8C70041C33C /* HabitDetailInteractor.swift in Sources */,
				BCA745C52ABBCFE50083A5F3 /* SplashViewRouter.swift in Sources */,
				B9EB09492AE7EEDF009B6F66 /* AppError.swift in Sources */,
				B92493012AEA974800F2729F /* LocalDataSource.swift in Sources */,
				B9D56F0C2AF277CE00A38E1A /* ButtonStyle.swift in Sources */,
				B9052EF22AE93C9D008BC5A1 /* SignUpInteractor.swift in Sources */,
				BCA745C12ABBCBCA0083A5F3 /* SignInView.swift in Sources */,
			);
			runOnlyForDeploymentPostprocessing = 0;
		};
/* End PBXSourcesBuildPhase section */

/* Begin XCBuildConfiguration section */
		BCBDF72A2AB63A9100394C2F /* Debug */ = {
			isa = XCBuildConfiguration;
			buildSettings = {
				ALWAYS_SEARCH_USER_PATHS = NO;
				CLANG_ANALYZER_NONNULL = YES;
				CLANG_ANALYZER_NUMBER_OBJECT_CONVERSION = YES_AGGRESSIVE;
				CLANG_CXX_LANGUAGE_STANDARD = "gnu++20";
				CLANG_ENABLE_MODULES = YES;
				CLANG_ENABLE_OBJC_ARC = YES;
				CLANG_ENABLE_OBJC_WEAK = YES;
				CLANG_WARN_BLOCK_CAPTURE_AUTORELEASING = YES;
				CLANG_WARN_BOOL_CONVERSION = YES;
				CLANG_WARN_COMMA = YES;
				CLANG_WARN_CONSTANT_CONVERSION = YES;
				CLANG_WARN_DEPRECATED_OBJC_IMPLEMENTATIONS = YES;
				CLANG_WARN_DIRECT_OBJC_ISA_USAGE = YES_ERROR;
				CLANG_WARN_DOCUMENTATION_COMMENTS = YES;
				CLANG_WARN_EMPTY_BODY = YES;
				CLANG_WARN_ENUM_CONVERSION = YES;
				CLANG_WARN_INFINITE_RECURSION = YES;
				CLANG_WARN_INT_CONVERSION = YES;
				CLANG_WARN_NON_LITERAL_NULL_CONVERSION = YES;
				CLANG_WARN_OBJC_IMPLICIT_RETAIN_SELF = YES;
				CLANG_WARN_OBJC_LITERAL_CONVERSION = YES;
				CLANG_WARN_OBJC_ROOT_CLASS = YES_ERROR;
				CLANG_WARN_QUOTED_INCLUDE_IN_FRAMEWORK_HEADER = YES;
				CLANG_WARN_RANGE_LOOP_ANALYSIS = YES;
				CLANG_WARN_STRICT_PROTOTYPES = YES;
				CLANG_WARN_SUSPICIOUS_MOVE = YES;
				CLANG_WARN_UNGUARDED_AVAILABILITY = YES_AGGRESSIVE;
				CLANG_WARN_UNREACHABLE_CODE = YES;
				CLANG_WARN__DUPLICATE_METHOD_MATCH = YES;
				COPY_PHASE_STRIP = NO;
				DEBUG_INFORMATION_FORMAT = dwarf;
				ENABLE_STRICT_OBJC_MSGSEND = YES;
				ENABLE_TESTABILITY = YES;
				GCC_C_LANGUAGE_STANDARD = gnu11;
				GCC_DYNAMIC_NO_PIC = NO;
				GCC_NO_COMMON_BLOCKS = YES;
				GCC_OPTIMIZATION_LEVEL = 0;
				GCC_PREPROCESSOR_DEFINITIONS = (
					"DEBUG=1",
					"$(inherited)",
				);
				GCC_WARN_64_TO_32_BIT_CONVERSION = YES;
				GCC_WARN_ABOUT_RETURN_TYPE = YES_ERROR;
				GCC_WARN_UNDECLARED_SELECTOR = YES;
				GCC_WARN_UNINITIALIZED_AUTOS = YES_AGGRESSIVE;
				GCC_WARN_UNUSED_FUNCTION = YES;
				GCC_WARN_UNUSED_VARIABLE = YES;
				IPHONEOS_DEPLOYMENT_TARGET = 14.0;
				MTL_ENABLE_DEBUG_INFO = INCLUDE_SOURCE;
				MTL_FAST_MATH = YES;
				ONLY_ACTIVE_ARCH = YES;
				SDKROOT = iphoneos;
				SWIFT_ACTIVE_COMPILATION_CONDITIONS = DEBUG;
				SWIFT_OPTIMIZATION_LEVEL = "-Onone";
			};
			name = Debug;
		};
		BCBDF72B2AB63A9100394C2F /* Release */ = {
			isa = XCBuildConfiguration;
			buildSettings = {
				ALWAYS_SEARCH_USER_PATHS = NO;
				CLANG_ANALYZER_NONNULL = YES;
				CLANG_ANALYZER_NUMBER_OBJECT_CONVERSION = YES_AGGRESSIVE;
				CLANG_CXX_LANGUAGE_STANDARD = "gnu++20";
				CLANG_ENABLE_MODULES = YES;
				CLANG_ENABLE_OBJC_ARC = YES;
				CLANG_ENABLE_OBJC_WEAK = YES;
				CLANG_WARN_BLOCK_CAPTURE_AUTORELEASING = YES;
				CLANG_WARN_BOOL_CONVERSION = YES;
				CLANG_WARN_COMMA = YES;
				CLANG_WARN_CONSTANT_CONVERSION = YES;
				CLANG_WARN_DEPRECATED_OBJC_IMPLEMENTATIONS = YES;
				CLANG_WARN_DIRECT_OBJC_ISA_USAGE = YES_ERROR;
				CLANG_WARN_DOCUMENTATION_COMMENTS = YES;
				CLANG_WARN_EMPTY_BODY = YES;
				CLANG_WARN_ENUM_CONVERSION = YES;
				CLANG_WARN_INFINITE_RECURSION = YES;
				CLANG_WARN_INT_CONVERSION = YES;
				CLANG_WARN_NON_LITERAL_NULL_CONVERSION = YES;
				CLANG_WARN_OBJC_IMPLICIT_RETAIN_SELF = YES;
				CLANG_WARN_OBJC_LITERAL_CONVERSION = YES;
				CLANG_WARN_OBJC_ROOT_CLASS = YES_ERROR;
				CLANG_WARN_QUOTED_INCLUDE_IN_FRAMEWORK_HEADER = YES;
				CLANG_WARN_RANGE_LOOP_ANALYSIS = YES;
				CLANG_WARN_STRICT_PROTOTYPES = YES;
				CLANG_WARN_SUSPICIOUS_MOVE = YES;
				CLANG_WARN_UNGUARDED_AVAILABILITY = YES_AGGRESSIVE;
				CLANG_WARN_UNREACHABLE_CODE = YES;
				CLANG_WARN__DUPLICATE_METHOD_MATCH = YES;
				COPY_PHASE_STRIP = NO;
				DEBUG_INFORMATION_FORMAT = "dwarf-with-dsym";
				ENABLE_NS_ASSERTIONS = NO;
				ENABLE_STRICT_OBJC_MSGSEND = YES;
				GCC_C_LANGUAGE_STANDARD = gnu11;
				GCC_NO_COMMON_BLOCKS = YES;
				GCC_WARN_64_TO_32_BIT_CONVERSION = YES;
				GCC_WARN_ABOUT_RETURN_TYPE = YES_ERROR;
				GCC_WARN_UNDECLARED_SELECTOR = YES;
				GCC_WARN_UNINITIALIZED_AUTOS = YES_AGGRESSIVE;
				GCC_WARN_UNUSED_FUNCTION = YES;
				GCC_WARN_UNUSED_VARIABLE = YES;
				IPHONEOS_DEPLOYMENT_TARGET = 14.0;
				MTL_ENABLE_DEBUG_INFO = NO;
				MTL_FAST_MATH = YES;
				SDKROOT = iphoneos;
				SWIFT_COMPILATION_MODE = wholemodule;
				SWIFT_OPTIMIZATION_LEVEL = "-O";
				VALIDATE_PRODUCT = YES;
			};
			name = Release;
		};
		BCBDF72D2AB63A9100394C2F /* Debug */ = {
			isa = XCBuildConfiguration;
			buildSettings = {
				ASSETCATALOG_COMPILER_APPICON_NAME = AppIcon;
				ASSETCATALOG_COMPILER_GLOBAL_ACCENT_COLOR_NAME = AccentColor;
				CODE_SIGN_STYLE = Automatic;
				CURRENT_PROJECT_VERSION = 1;
				DEVELOPMENT_ASSET_PATHS = "\"Habit/Preview Content\"";
				ENABLE_PREVIEWS = YES;
				GENERATE_INFOPLIST_FILE = YES;
				INFOPLIST_KEY_UIApplicationSceneManifest_Generation = YES;
				INFOPLIST_KEY_UIApplicationSupportsIndirectInputEvents = YES;
				INFOPLIST_KEY_UILaunchScreen_Generation = YES;
				INFOPLIST_KEY_UISupportedInterfaceOrientations_iPad = "UIInterfaceOrientationPortrait UIInterfaceOrientationPortraitUpsideDown UIInterfaceOrientationLandscapeLeft UIInterfaceOrientationLandscapeRight";
				INFOPLIST_KEY_UISupportedInterfaceOrientations_iPhone = "UIInterfaceOrientationPortrait UIInterfaceOrientationLandscapeLeft UIInterfaceOrientationLandscapeRight";
				IPHONEOS_DEPLOYMENT_TARGET = 14.0;
				LD_RUNPATH_SEARCH_PATHS = (
					"$(inherited)",
					"@executable_path/Frameworks",
				);
				MARKETING_VERSION = 1.0;
				PRODUCT_BUNDLE_IDENTIFIER = co.adriano.Habit;
				PRODUCT_NAME = "$(TARGET_NAME)";
				SWIFT_EMIT_LOC_STRINGS = YES;
				SWIFT_VERSION = 5.0;
				TARGETED_DEVICE_FAMILY = "1,2";
			};
			name = Debug;
		};
		BCBDF72E2AB63A9100394C2F /* Release */ = {
			isa = XCBuildConfiguration;
			buildSettings = {
				ASSETCATALOG_COMPILER_APPICON_NAME = AppIcon;
				ASSETCATALOG_COMPILER_GLOBAL_ACCENT_COLOR_NAME = AccentColor;
				CODE_SIGN_STYLE = Automatic;
				CURRENT_PROJECT_VERSION = 1;
				DEVELOPMENT_ASSET_PATHS = "\"Habit/Preview Content\"";
				ENABLE_PREVIEWS = YES;
				GENERATE_INFOPLIST_FILE = YES;
				INFOPLIST_KEY_UIApplicationSceneManifest_Generation = YES;
				INFOPLIST_KEY_UIApplicationSupportsIndirectInputEvents = YES;
				INFOPLIST_KEY_UILaunchScreen_Generation = YES;
				INFOPLIST_KEY_UISupportedInterfaceOrientations_iPad = "UIInterfaceOrientationPortrait UIInterfaceOrientationPortraitUpsideDown UIInterfaceOrientationLandscapeLeft UIInterfaceOrientationLandscapeRight";
				INFOPLIST_KEY_UISupportedInterfaceOrientations_iPhone = "UIInterfaceOrientationPortrait UIInterfaceOrientationLandscapeLeft UIInterfaceOrientationLandscapeRight";
				IPHONEOS_DEPLOYMENT_TARGET = 14.0;
				LD_RUNPATH_SEARCH_PATHS = (
					"$(inherited)",
					"@executable_path/Frameworks",
				);
				MARKETING_VERSION = 1.0;
				PRODUCT_BUNDLE_IDENTIFIER = co.adriano.Habit;
				PRODUCT_NAME = "$(TARGET_NAME)";
				SWIFT_EMIT_LOC_STRINGS = YES;
				SWIFT_VERSION = 5.0;
				TARGETED_DEVICE_FAMILY = "1,2";
			};
			name = Release;
		};
/* End XCBuildConfiguration section */

/* Begin XCConfigurationList section */
		BCBDF7192AB63A8F00394C2F /* Build configuration list for PBXProject "Habit" */ = {
			isa = XCConfigurationList;
			buildConfigurations = (
				BCBDF72A2AB63A9100394C2F /* Debug */,
				BCBDF72B2AB63A9100394C2F /* Release */,
			);
			defaultConfigurationIsVisible = 0;
			defaultConfigurationName = Release;
		};
		BCBDF72C2AB63A9100394C2F /* Build configuration list for PBXNativeTarget "Habit" */ = {
			isa = XCConfigurationList;
			buildConfigurations = (
				BCBDF72D2AB63A9100394C2F /* Debug */,
				BCBDF72E2AB63A9100394C2F /* Release */,
			);
			defaultConfigurationIsVisible = 0;
			defaultConfigurationName = Release;
		};
/* End XCConfigurationList section */
	};
	rootObject = BCBDF7162AB63A8F00394C2F /* Project object */;
}
