// !$*UTF8*$!
{
	archiveVersion = 1;
	classes = {
	};
	objectVersion = 56;
	objects = {

/* Begin PBXBuildFile section */
		BC0255062AC3156C00709B00 /* Gender.swift in Sources */ = {isa = PBXBuildFile; fileRef = BC0255052AC3156C00709B00 /* Gender.swift */; };
		BC3FEB382AC24F410097AA35 /* SignInUIState.swift in Sources */ = {isa = PBXBuildFile; fileRef = BC3FEB372AC24F410097AA35 /* SignInUIState.swift */; };
		BC3FEB3A2AC25A3F0097AA35 /* SignInViewRouter.swift in Sources */ = {isa = PBXBuildFile; fileRef = BC3FEB392AC25A3F0097AA35 /* SignInViewRouter.swift */; };
		BC3FEB402AC25B4C0097AA35 /* HomeView.swift in Sources */ = {isa = PBXBuildFile; fileRef = BC3FEB3F2AC25B4C0097AA35 /* HomeView.swift */; };
		BC3FEB422AC25BBE0097AA35 /* HomeViewModel.swift in Sources */ = {isa = PBXBuildFile; fileRef = BC3FEB412AC25BBE0097AA35 /* HomeViewModel.swift */; };
		BC6734EA2AB746200076461A /* SplashUIState.swift in Sources */ = {isa = PBXBuildFile; fileRef = BC6734E92AB746200076461A /* SplashUIState.swift */; };
		BC8F29A52ABB1BED006088B2 /* SplashViewModel.swift in Sources */ = {isa = PBXBuildFile; fileRef = BC8F29A42ABB1BED006088B2 /* SplashViewModel.swift */; };
		BCA745C12ABBCBCA0083A5F3 /* SignInView.swift in Sources */ = {isa = PBXBuildFile; fileRef = BCA745C02ABBCBCA0083A5F3 /* SignInView.swift */; };
		BCA745C32ABBCC110083A5F3 /* SignInViewModel.swift in Sources */ = {isa = PBXBuildFile; fileRef = BCA745C22ABBCC110083A5F3 /* SignInViewModel.swift */; };
		BCA745C52ABBCFE50083A5F3 /* SplashViewRouter.swift in Sources */ = {isa = PBXBuildFile; fileRef = BCA745C42ABBCFE50083A5F3 /* SplashViewRouter.swift */; };
		BCA745CB2ABBD59A0083A5F3 /* SignUpView.swift in Sources */ = {isa = PBXBuildFile; fileRef = BCA745CA2ABBD59A0083A5F3 /* SignUpView.swift */; };
		BCA745CD2ABBD5F90083A5F3 /* SignUpViewModel.swift in Sources */ = {isa = PBXBuildFile; fileRef = BCA745CC2ABBD5F90083A5F3 /* SignUpViewModel.swift */; };
		BCBDF7222AB63A8F00394C2F /* HabitApp.swift in Sources */ = {isa = PBXBuildFile; fileRef = BCBDF7212AB63A8F00394C2F /* HabitApp.swift */; };
		BCBDF7262AB63A9100394C2F /* Assets.xcassets in Resources */ = {isa = PBXBuildFile; fileRef = BCBDF7252AB63A9100394C2F /* Assets.xcassets */; };
		BCBDF7292AB63A9100394C2F /* Preview Assets.xcassets in Resources */ = {isa = PBXBuildFile; fileRef = BCBDF7282AB63A9100394C2F /* Preview Assets.xcassets */; };
		BCBDF7332AB63DD800394C2F /* SplashView.swift in Sources */ = {isa = PBXBuildFile; fileRef = BCBDF7322AB63DD800394C2F /* SplashView.swift */; };
		BCC8E6552AC4E01700AE7059 /* SignUpUIState.swift in Sources */ = {isa = PBXBuildFile; fileRef = BCC8E6542AC4E01700AE7059 /* SignUpUIState.swift */; };
		BCC8E6572AC4E36500AE7059 /* SignUpViewRouter.swift in Sources */ = {isa = PBXBuildFile; fileRef = BCC8E6562AC4E36500AE7059 /* SignUpViewRouter.swift */; };
/* End PBXBuildFile section */

/* Begin PBXFileReference section */
		BC0255052AC3156C00709B00 /* Gender.swift */ = {isa = PBXFileReference; lastKnownFileType = sourcecode.swift; path = Gender.swift; sourceTree = "<group>"; };
		BC3FEB372AC24F410097AA35 /* SignInUIState.swift */ = {isa = PBXFileReference; lastKnownFileType = sourcecode.swift; path = SignInUIState.swift; sourceTree = "<group>"; };
		BC3FEB392AC25A3F0097AA35 /* SignInViewRouter.swift */ = {isa = PBXFileReference; lastKnownFileType = sourcecode.swift; path = SignInViewRouter.swift; sourceTree = "<group>"; };
		BC3FEB3F2AC25B4C0097AA35 /* HomeView.swift */ = {isa = PBXFileReference; lastKnownFileType = sourcecode.swift; path = HomeView.swift; sourceTree = "<group>"; };
		BC3FEB412AC25BBE0097AA35 /* HomeViewModel.swift */ = {isa = PBXFileReference; lastKnownFileType = sourcecode.swift; path = HomeViewModel.swift; sourceTree = "<group>"; };
		BC6734E92AB746200076461A /* SplashUIState.swift */ = {isa = PBXFileReference; lastKnownFileType = sourcecode.swift; path = SplashUIState.swift; sourceTree = "<group>"; };
		BC8F29A42ABB1BED006088B2 /* SplashViewModel.swift */ = {isa = PBXFileReference; lastKnownFileType = sourcecode.swift; path = SplashViewModel.swift; sourceTree = "<group>"; };
		BCA745C02ABBCBCA0083A5F3 /* SignInView.swift */ = {isa = PBXFileReference; lastKnownFileType = sourcecode.swift; path = SignInView.swift; sourceTree = "<group>"; };
		BCA745C22ABBCC110083A5F3 /* SignInViewModel.swift */ = {isa = PBXFileReference; lastKnownFileType = sourcecode.swift; path = SignInViewModel.swift; sourceTree = "<group>"; };
		BCA745C42ABBCFE50083A5F3 /* SplashViewRouter.swift */ = {isa = PBXFileReference; lastKnownFileType = sourcecode.swift; path = SplashViewRouter.swift; sourceTree = "<group>"; };
		BCA745CA2ABBD59A0083A5F3 /* SignUpView.swift */ = {isa = PBXFileReference; lastKnownFileType = sourcecode.swift; path = SignUpView.swift; sourceTree = "<group>"; };
		BCA745CC2ABBD5F90083A5F3 /* SignUpViewModel.swift */ = {isa = PBXFileReference; lastKnownFileType = sourcecode.swift; path = SignUpViewModel.swift; sourceTree = "<group>"; };
		BCBDF71E2AB63A8F00394C2F /* Habit.app */ = {isa = PBXFileReference; explicitFileType = wrapper.application; includeInIndex = 0; path = Habit.app; sourceTree = BUILT_PRODUCTS_DIR; };
		BCBDF7212AB63A8F00394C2F /* HabitApp.swift */ = {isa = PBXFileReference; lastKnownFileType = sourcecode.swift; path = HabitApp.swift; sourceTree = "<group>"; };
		BCBDF7252AB63A9100394C2F /* Assets.xcassets */ = {isa = PBXFileReference; lastKnownFileType = folder.assetcatalog; path = Assets.xcassets; sourceTree = "<group>"; };
		BCBDF7282AB63A9100394C2F /* Preview Assets.xcassets */ = {isa = PBXFileReference; lastKnownFileType = folder.assetcatalog; path = "Preview Assets.xcassets"; sourceTree = "<group>"; };
		BCBDF7322AB63DD800394C2F /* SplashView.swift */ = {isa = PBXFileReference; lastKnownFileType = sourcecode.swift; path = SplashView.swift; sourceTree = "<group>"; };
		BCC8E6542AC4E01700AE7059 /* SignUpUIState.swift */ = {isa = PBXFileReference; lastKnownFileType = sourcecode.swift; path = SignUpUIState.swift; sourceTree = "<group>"; };
		BCC8E6562AC4E36500AE7059 /* SignUpViewRouter.swift */ = {isa = PBXFileReference; lastKnownFileType = sourcecode.swift; path = SignUpViewRouter.swift; sourceTree = "<group>"; };
/* End PBXFileReference section */

/* Begin PBXFrameworksBuildPhase section */
		BCBDF71B2AB63A8F00394C2F /* Frameworks */ = {
			isa = PBXFrameworksBuildPhase;
			buildActionMask = 2147483647;
			files = (
			);
			runOnlyForDeploymentPostprocessing = 0;
		};
/* End PBXFrameworksBuildPhase section */

/* Begin PBXGroup section */
		BC0255032AC314E700709B00 /* Common */ = {
			isa = PBXGroup;
			children = (
				BC0255042AC314F000709B00 /* Model */,
			);
			path = Common;
			sourceTree = "<group>";
		};
		BC0255042AC314F000709B00 /* Model */ = {
			isa = PBXGroup;
			children = (
				BC0255052AC3156C00709B00 /* Gender.swift */,
			);
			path = Model;
			sourceTree = "<group>";
		};
		BC3FEB3B2AC25AFE0097AA35 /* Home */ = {
			isa = PBXGroup;
			children = (
				BC3FEB3E2AC25B260097AA35 /* View */,
				BC3FEB3D2AC25B1C0097AA35 /* ViewModel */,
				BC3FEB3C2AC25B0A0097AA35 /* Model */,
			);
			path = Home;
			sourceTree = "<group>";
		};
		BC3FEB3C2AC25B0A0097AA35 /* Model */ = {
			isa = PBXGroup;
			children = (
			);
			path = Model;
			sourceTree = "<group>";
		};
		BC3FEB3D2AC25B1C0097AA35 /* ViewModel */ = {
			isa = PBXGroup;
			children = (
				BC3FEB412AC25BBE0097AA35 /* HomeViewModel.swift */,
			);
			path = ViewModel;
			sourceTree = "<group>";
		};
		BC3FEB3E2AC25B260097AA35 /* View */ = {
			isa = PBXGroup;
			children = (
				BC3FEB3F2AC25B4C0097AA35 /* HomeView.swift */,
			);
			path = View;
			sourceTree = "<group>";
		};
		BC8F29A32ABB1B5B006088B2 /* ViewModel */ = {
			isa = PBXGroup;
			children = (
				BC8F29A42ABB1BED006088B2 /* SplashViewModel.swift */,
				BCA745C42ABBCFE50083A5F3 /* SplashViewRouter.swift */,
			);
			path = ViewModel;
			sourceTree = "<group>";
		};
		BCA745BB2ABBCAEE0083A5F3 /* SignIn */ = {
			isa = PBXGroup;
			children = (
				BCA745BC2ABBCB0B0083A5F3 /* View */,
				BCA745BF2ABBCB810083A5F3 /* ViewModel */,
				BCA745BE2ABBCB2C0083A5F3 /* Model */,
			);
			path = SignIn;
			sourceTree = "<group>";
		};
		BCA745BC2ABBCB0B0083A5F3 /* View */ = {
			isa = PBXGroup;
			children = (
				BCA745C02ABBCBCA0083A5F3 /* SignInView.swift */,
			);
			path = View;
			sourceTree = "<group>";
		};
		BCA745BE2ABBCB2C0083A5F3 /* Model */ = {
			isa = PBXGroup;
			children = (
				BC3FEB372AC24F410097AA35 /* SignInUIState.swift */,
			);
			path = Model;
			sourceTree = "<group>";
		};
		BCA745BF2ABBCB810083A5F3 /* ViewModel */ = {
			isa = PBXGroup;
			children = (
				BCA745C22ABBCC110083A5F3 /* SignInViewModel.swift */,
				BC3FEB392AC25A3F0097AA35 /* SignInViewRouter.swift */,
			);
			path = ViewModel;
			sourceTree = "<group>";
		};
		BCA745C62ABBD53D0083A5F3 /* SignUp */ = {
			isa = PBXGroup;
			children = (
				BCA745C92ABBD5610083A5F3 /* View */,
				BCA745C82ABBD5560083A5F3 /* ViewModel */,
				BCA745C72ABBD54B0083A5F3 /* Model */,
			);
			path = SignUp;
			sourceTree = "<group>";
		};
		BCA745C72ABBD54B0083A5F3 /* Model */ = {
			isa = PBXGroup;
			children = (
				BCC8E6542AC4E01700AE7059 /* SignUpUIState.swift */,
			);
			path = Model;
			sourceTree = "<group>";
		};
		BCA745C82ABBD5560083A5F3 /* ViewModel */ = {
			isa = PBXGroup;
			children = (
				BCA745CC2ABBD5F90083A5F3 /* SignUpViewModel.swift */,
				BCC8E6562AC4E36500AE7059 /* SignUpViewRouter.swift */,
			);
			path = ViewModel;
			sourceTree = "<group>";
		};
		BCA745C92ABBD5610083A5F3 /* View */ = {
			isa = PBXGroup;
			children = (
				BCA745CA2ABBD59A0083A5F3 /* SignUpView.swift */,
			);
			path = View;
			sourceTree = "<group>";
		};
		BCBDF7152AB63A8F00394C2F = {
			isa = PBXGroup;
			children = (
				BCBDF7202AB63A8F00394C2F /* Habit */,
				BCBDF71F2AB63A8F00394C2F /* Products */,
			);
			sourceTree = "<group>";
		};
		BCBDF71F2AB63A8F00394C2F /* Products */ = {
			isa = PBXGroup;
			children = (
				BCBDF71E2AB63A8F00394C2F /* Habit.app */,
			);
			name = Products;
			sourceTree = "<group>";
		};
		BCBDF7202AB63A8F00394C2F /* Habit */ = {
			isa = PBXGroup;
			children = (
				BC0255032AC314E700709B00 /* Common */,
				BC3FEB3B2AC25AFE0097AA35 /* Home */,
				BCA745C62ABBD53D0083A5F3 /* SignUp */,
				BCA745BB2ABBCAEE0083A5F3 /* SignIn */,
				BCBDF72F2AB63D2400394C2F /* Splash */,
				BCBDF7212AB63A8F00394C2F /* HabitApp.swift */,
				BCBDF7252AB63A9100394C2F /* Assets.xcassets */,
				BCBDF7272AB63A9100394C2F /* Preview Content */,
			);
			path = Habit;
			sourceTree = "<group>";
		};
		BCBDF7272AB63A9100394C2F /* Preview Content */ = {
			isa = PBXGroup;
			children = (
				BCBDF7282AB63A9100394C2F /* Preview Assets.xcassets */,
			);
			path = "Preview Content";
			sourceTree = "<group>";
		};
		BCBDF72F2AB63D2400394C2F /* Splash */ = {
			isa = PBXGroup;
			children = (
				BCBDF7302AB63D3E00394C2F /* View */,
				BC8F29A32ABB1B5B006088B2 /* ViewModel */,
				BCBDF7312AB63D5300394C2F /* Model */,
			);
			path = Splash;
			sourceTree = "<group>";
		};
		BCBDF7302AB63D3E00394C2F /* View */ = {
			isa = PBXGroup;
			children = (
				BCBDF7322AB63DD800394C2F /* SplashView.swift */,
			);
			path = View;
			sourceTree = "<group>";
		};
		BCBDF7312AB63D5300394C2F /* Model */ = {
			isa = PBXGroup;
			children = (
				BC6734E92AB746200076461A /* SplashUIState.swift */,
			);
			path = Model;
			sourceTree = "<group>";
		};
/* End PBXGroup section */

/* Begin PBXNativeTarget section */
		BCBDF71D2AB63A8F00394C2F /* Habit */ = {
			isa = PBXNativeTarget;
			buildConfigurationList = BCBDF72C2AB63A9100394C2F /* Build configuration list for PBXNativeTarget "Habit" */;
			buildPhases = (
				BCBDF71A2AB63A8F00394C2F /* Sources */,
				BCBDF71B2AB63A8F00394C2F /* Frameworks */,
				BCBDF71C2AB63A8F00394C2F /* Resources */,
			);
			buildRules = (
			);
			dependencies = (
			);
			name = Habit;
			productName = Habit;
			productReference = BCBDF71E2AB63A8F00394C2F /* Habit.app */;
			productType = "com.apple.product-type.application";
		};
/* End PBXNativeTarget section */

/* Begin PBXProject section */
		BCBDF7162AB63A8F00394C2F /* Project object */ = {
			isa = PBXProject;
			attributes = {
				BuildIndependentTargetsInParallel = 1;
				LastSwiftUpdateCheck = 1430;
				LastUpgradeCheck = 1430;
				TargetAttributes = {
					BCBDF71D2AB63A8F00394C2F = {
						CreatedOnToolsVersion = 14.3.1;
					};
				};
			};
			buildConfigurationList = BCBDF7192AB63A8F00394C2F /* Build configuration list for PBXProject "Habit" */;
			compatibilityVersion = "Xcode 14.0";
			developmentRegion = en;
			hasScannedForEncodings = 0;
			knownRegions = (
				en,
				Base,
			);
			mainGroup = BCBDF7152AB63A8F00394C2F;
			productRefGroup = BCBDF71F2AB63A8F00394C2F /* Products */;
			projectDirPath = "";
			projectRoot = "";
			targets = (
				BCBDF71D2AB63A8F00394C2F /* Habit */,
			);
		};
/* End PBXProject section */

/* Begin PBXResourcesBuildPhase section */
		BCBDF71C2AB63A8F00394C2F /* Resources */ = {
			isa = PBXResourcesBuildPhase;
			buildActionMask = 2147483647;
			files = (
				BCBDF7292AB63A9100394C2F /* Preview Assets.xcassets in Resources */,
				BCBDF7262AB63A9100394C2F /* Assets.xcassets in Resources */,
			);
			runOnlyForDeploymentPostprocessing = 0;
		};
/* End PBXResourcesBuildPhase section */

/* Begin PBXSourcesBuildPhase section */
		BCBDF71A2AB63A8F00394C2F /* Sources */ = {
			isa = PBXSourcesBuildPhase;
			buildActionMask = 2147483647;
			files = (
				BC6734EA2AB746200076461A /* SplashUIState.swift in Sources */,
				BC3FEB3A2AC25A3F0097AA35 /* SignInViewRouter.swift in Sources */,
				BCBDF7222AB63A8F00394C2F /* HabitApp.swift in Sources */,
				BCC8E6572AC4E36500AE7059 /* SignUpViewRouter.swift in Sources */,
				BCC8E6552AC4E01700AE7059 /* SignUpUIState.swift in Sources */,
				BCA745C32ABBCC110083A5F3 /* SignInViewModel.swift in Sources */,
				BC3FEB382AC24F410097AA35 /* SignInUIState.swift in Sources */,
				BCBDF7332AB63DD800394C2F /* SplashView.swift in Sources */,
				BC0255062AC3156C00709B00 /* Gender.swift in Sources */,
				BCA745CD2ABBD5F90083A5F3 /* SignUpViewModel.swift in Sources */,
				BCA745CB2ABBD59A0083A5F3 /* SignUpView.swift in Sources */,
				BC3FEB422AC25BBE0097AA35 /* HomeViewModel.swift in Sources */,
				BC8F29A52ABB1BED006088B2 /* SplashViewModel.swift in Sources */,
				BC3FEB402AC25B4C0097AA35 /* HomeView.swift in Sources */,
				BCA745C52ABBCFE50083A5F3 /* SplashViewRouter.swift in Sources */,
				BCA745C12ABBCBCA0083A5F3 /* SignInView.swift in Sources */,
			);
			runOnlyForDeploymentPostprocessing = 0;
		};
/* End PBXSourcesBuildPhase section */

/* Begin XCBuildConfiguration section */
		BCBDF72A2AB63A9100394C2F /* Debug */ = {
			isa = XCBuildConfiguration;
			buildSettings = {
				ALWAYS_SEARCH_USER_PATHS = NO;
				CLANG_ANALYZER_NONNULL = YES;
				CLANG_ANALYZER_NUMBER_OBJECT_CONVERSION = YES_AGGRESSIVE;
				CLANG_CXX_LANGUAGE_STANDARD = "gnu++20";
				CLANG_ENABLE_MODULES = YES;
				CLANG_ENABLE_OBJC_ARC = YES;
				CLANG_ENABLE_OBJC_WEAK = YES;
				CLANG_WARN_BLOCK_CAPTURE_AUTORELEASING = YES;
				CLANG_WARN_BOOL_CONVERSION = YES;
				CLANG_WARN_COMMA = YES;
				CLANG_WARN_CONSTANT_CONVERSION = YES;
				CLANG_WARN_DEPRECATED_OBJC_IMPLEMENTATIONS = YES;
				CLANG_WARN_DIRECT_OBJC_ISA_USAGE = YES_ERROR;
				CLANG_WARN_DOCUMENTATION_COMMENTS = YES;
				CLANG_WARN_EMPTY_BODY = YES;
				CLANG_WARN_ENUM_CONVERSION = YES;
				CLANG_WARN_INFINITE_RECURSION = YES;
				CLANG_WARN_INT_CONVERSION = YES;
				CLANG_WARN_NON_LITERAL_NULL_CONVERSION = YES;
				CLANG_WARN_OBJC_IMPLICIT_RETAIN_SELF = YES;
				CLANG_WARN_OBJC_LITERAL_CONVERSION = YES;
				CLANG_WARN_OBJC_ROOT_CLASS = YES_ERROR;
				CLANG_WARN_QUOTED_INCLUDE_IN_FRAMEWORK_HEADER = YES;
				CLANG_WARN_RANGE_LOOP_ANALYSIS = YES;
				CLANG_WARN_STRICT_PROTOTYPES = YES;
				CLANG_WARN_SUSPICIOUS_MOVE = YES;
				CLANG_WARN_UNGUARDED_AVAILABILITY = YES_AGGRESSIVE;
				CLANG_WARN_UNREACHABLE_CODE = YES;
				CLANG_WARN__DUPLICATE_METHOD_MATCH = YES;
				COPY_PHASE_STRIP = NO;
				DEBUG_INFORMATION_FORMAT = dwarf;
				ENABLE_STRICT_OBJC_MSGSEND = YES;
				ENABLE_TESTABILITY = YES;
				GCC_C_LANGUAGE_STANDARD = gnu11;
				GCC_DYNAMIC_NO_PIC = NO;
				GCC_NO_COMMON_BLOCKS = YES;
				GCC_OPTIMIZATION_LEVEL = 0;
				GCC_PREPROCESSOR_DEFINITIONS = (
					"DEBUG=1",
					"$(inherited)",
				);
				GCC_WARN_64_TO_32_BIT_CONVERSION = YES;
				GCC_WARN_ABOUT_RETURN_TYPE = YES_ERROR;
				GCC_WARN_UNDECLARED_SELECTOR = YES;
				GCC_WARN_UNINITIALIZED_AUTOS = YES_AGGRESSIVE;
				GCC_WARN_UNUSED_FUNCTION = YES;
				GCC_WARN_UNUSED_VARIABLE = YES;
				IPHONEOS_DEPLOYMENT_TARGET = 14.0;
				MTL_ENABLE_DEBUG_INFO = INCLUDE_SOURCE;
				MTL_FAST_MATH = YES;
				ONLY_ACTIVE_ARCH = YES;
				SDKROOT = iphoneos;
				SWIFT_ACTIVE_COMPILATION_CONDITIONS = DEBUG;
				SWIFT_OPTIMIZATION_LEVEL = "-Onone";
			};
			name = Debug;
		};
		BCBDF72B2AB63A9100394C2F /* Release */ = {
			isa = XCBuildConfiguration;
			buildSettings = {
				ALWAYS_SEARCH_USER_PATHS = NO;
				CLANG_ANALYZER_NONNULL = YES;
				CLANG_ANALYZER_NUMBER_OBJECT_CONVERSION = YES_AGGRESSIVE;
				CLANG_CXX_LANGUAGE_STANDARD = "gnu++20";
				CLANG_ENABLE_MODULES = YES;
				CLANG_ENABLE_OBJC_ARC = YES;
				CLANG_ENABLE_OBJC_WEAK = YES;
				CLANG_WARN_BLOCK_CAPTURE_AUTORELEASING = YES;
				CLANG_WARN_BOOL_CONVERSION = YES;
				CLANG_WARN_COMMA = YES;
				CLANG_WARN_CONSTANT_CONVERSION = YES;
				CLANG_WARN_DEPRECATED_OBJC_IMPLEMENTATIONS = YES;
				CLANG_WARN_DIRECT_OBJC_ISA_USAGE = YES_ERROR;
				CLANG_WARN_DOCUMENTATION_COMMENTS = YES;
				CLANG_WARN_EMPTY_BODY = YES;
				CLANG_WARN_ENUM_CONVERSION = YES;
				CLANG_WARN_INFINITE_RECURSION = YES;
				CLANG_WARN_INT_CONVERSION = YES;
				CLANG_WARN_NON_LITERAL_NULL_CONVERSION = YES;
				CLANG_WARN_OBJC_IMPLICIT_RETAIN_SELF = YES;
				CLANG_WARN_OBJC_LITERAL_CONVERSION = YES;
				CLANG_WARN_OBJC_ROOT_CLASS = YES_ERROR;
				CLANG_WARN_QUOTED_INCLUDE_IN_FRAMEWORK_HEADER = YES;
				CLANG_WARN_RANGE_LOOP_ANALYSIS = YES;
				CLANG_WARN_STRICT_PROTOTYPES = YES;
				CLANG_WARN_SUSPICIOUS_MOVE = YES;
				CLANG_WARN_UNGUARDED_AVAILABILITY = YES_AGGRESSIVE;
				CLANG_WARN_UNREACHABLE_CODE = YES;
				CLANG_WARN__DUPLICATE_METHOD_MATCH = YES;
				COPY_PHASE_STRIP = NO;
				DEBUG_INFORMATION_FORMAT = "dwarf-with-dsym";
				ENABLE_NS_ASSERTIONS = NO;
				ENABLE_STRICT_OBJC_MSGSEND = YES;
				GCC_C_LANGUAGE_STANDARD = gnu11;
				GCC_NO_COMMON_BLOCKS = YES;
				GCC_WARN_64_TO_32_BIT_CONVERSION = YES;
				GCC_WARN_ABOUT_RETURN_TYPE = YES_ERROR;
				GCC_WARN_UNDECLARED_SELECTOR = YES;
				GCC_WARN_UNINITIALIZED_AUTOS = YES_AGGRESSIVE;
				GCC_WARN_UNUSED_FUNCTION = YES;
				GCC_WARN_UNUSED_VARIABLE = YES;
				IPHONEOS_DEPLOYMENT_TARGET = 14.0;
				MTL_ENABLE_DEBUG_INFO = NO;
				MTL_FAST_MATH = YES;
				SDKROOT = iphoneos;
				SWIFT_COMPILATION_MODE = wholemodule;
				SWIFT_OPTIMIZATION_LEVEL = "-O";
				VALIDATE_PRODUCT = YES;
			};
			name = Release;
		};
		BCBDF72D2AB63A9100394C2F /* Debug */ = {
			isa = XCBuildConfiguration;
			buildSettings = {
				ASSETCATALOG_COMPILER_APPICON_NAME = AppIcon;
				ASSETCATALOG_COMPILER_GLOBAL_ACCENT_COLOR_NAME = AccentColor;
				CODE_SIGN_STYLE = Automatic;
				CURRENT_PROJECT_VERSION = 1;
				DEVELOPMENT_ASSET_PATHS = "\"Habit/Preview Content\"";
				ENABLE_PREVIEWS = YES;
				GENERATE_INFOPLIST_FILE = YES;
				INFOPLIST_KEY_UIApplicationSceneManifest_Generation = YES;
				INFOPLIST_KEY_UIApplicationSupportsIndirectInputEvents = YES;
				INFOPLIST_KEY_UILaunchScreen_Generation = YES;
				INFOPLIST_KEY_UISupportedInterfaceOrientations_iPad = "UIInterfaceOrientationPortrait UIInterfaceOrientationPortraitUpsideDown UIInterfaceOrientationLandscapeLeft UIInterfaceOrientationLandscapeRight";
				INFOPLIST_KEY_UISupportedInterfaceOrientations_iPhone = "UIInterfaceOrientationPortrait UIInterfaceOrientationLandscapeLeft UIInterfaceOrientationLandscapeRight";
				IPHONEOS_DEPLOYMENT_TARGET = 14.0;
				LD_RUNPATH_SEARCH_PATHS = (
					"$(inherited)",
					"@executable_path/Frameworks",
				);
				MARKETING_VERSION = 1.0;
				PRODUCT_BUNDLE_IDENTIFIER = co.adriano.Habit;
				PRODUCT_NAME = "$(TARGET_NAME)";
				SWIFT_EMIT_LOC_STRINGS = YES;
				SWIFT_VERSION = 5.0;
				TARGETED_DEVICE_FAMILY = "1,2";
			};
			name = Debug;
		};
		BCBDF72E2AB63A9100394C2F /* Release */ = {
			isa = XCBuildConfiguration;
			buildSettings = {
				ASSETCATALOG_COMPILER_APPICON_NAME = AppIcon;
				ASSETCATALOG_COMPILER_GLOBAL_ACCENT_COLOR_NAME = AccentColor;
				CODE_SIGN_STYLE = Automatic;
				CURRENT_PROJECT_VERSION = 1;
				DEVELOPMENT_ASSET_PATHS = "\"Habit/Preview Content\"";
				ENABLE_PREVIEWS = YES;
				GENERATE_INFOPLIST_FILE = YES;
				INFOPLIST_KEY_UIApplicationSceneManifest_Generation = YES;
				INFOPLIST_KEY_UIApplicationSupportsIndirectInputEvents = YES;
				INFOPLIST_KEY_UILaunchScreen_Generation = YES;
				INFOPLIST_KEY_UISupportedInterfaceOrientations_iPad = "UIInterfaceOrientationPortrait UIInterfaceOrientationPortraitUpsideDown UIInterfaceOrientationLandscapeLeft UIInterfaceOrientationLandscapeRight";
				INFOPLIST_KEY_UISupportedInterfaceOrientations_iPhone = "UIInterfaceOrientationPortrait UIInterfaceOrientationLandscapeLeft UIInterfaceOrientationLandscapeRight";
				IPHONEOS_DEPLOYMENT_TARGET = 14.0;
				LD_RUNPATH_SEARCH_PATHS = (
					"$(inherited)",
					"@executable_path/Frameworks",
				);
				MARKETING_VERSION = 1.0;
				PRODUCT_BUNDLE_IDENTIFIER = co.adriano.Habit;
				PRODUCT_NAME = "$(TARGET_NAME)";
				SWIFT_EMIT_LOC_STRINGS = YES;
				SWIFT_VERSION = 5.0;
				TARGETED_DEVICE_FAMILY = "1,2";
			};
			name = Release;
		};
/* End XCBuildConfiguration section */

/* Begin XCConfigurationList section */
		BCBDF7192AB63A8F00394C2F /* Build configuration list for PBXProject "Habit" */ = {
			isa = XCConfigurationList;
			buildConfigurations = (
				BCBDF72A2AB63A9100394C2F /* Debug */,
				BCBDF72B2AB63A9100394C2F /* Release */,
			);
			defaultConfigurationIsVisible = 0;
			defaultConfigurationName = Release;
		};
		BCBDF72C2AB63A9100394C2F /* Build configuration list for PBXNativeTarget "Habit" */ = {
			isa = XCConfigurationList;
			buildConfigurations = (
				BCBDF72D2AB63A9100394C2F /* Debug */,
				BCBDF72E2AB63A9100394C2F /* Release */,
			);
			defaultConfigurationIsVisible = 0;
			defaultConfigurationName = Release;
		};
/* End XCConfigurationList section */
	};
	rootObject = BCBDF7162AB63A8F00394C2F /* Project object */;
}
